
Microsoft Visual Studio Solution File, Format Version 12.00
# Visual Studio Version 17
VisualStudioVersion = 17.0.31903.59
MinimumVisualStudioVersion = 10.0.40219.1
Project("{2150E333-8FDC-42A3-9474-1A3956D46DE8}") = "src", "src", "{827E0CD3-B72D-47B6-A68D-7590B98EB39B}"
EndProject
Project("{FAE04EC0-301F-11D3-BF4B-00C04F79EFBC}") = "MusicBox.Core", "src\MusicBox.Core\MusicBox.Core.csproj", "{B0DB8DFE-64F4-46FA-80BE-492513566592}"
EndProject
Project("{FAE04EC0-301F-11D3-BF4B-00C04F79EFBC}") = "MusicBox.Domain", "src\MusicBox.Domain\MusicBox.Domain.csproj", "{2DA77585-C783-440B-9D57-50E46D20D11A}"
EndProject
Project("{FAE04EC0-301F-11D3-BF4B-00C04F79EFBC}") = "MusicBox.Structures", "src\MusicBox.Structures\MusicBox.Structures.csproj", "{E4482D15-297B-4C87-A8C2-E918795B3D0D}"
EndProject
Project("{FAE04EC0-301F-11D3-BF4B-00C04F79EFBC}") = "MusicBox.Playback", "src\MusicBox.Playback\MusicBox.Playback.csproj", "{EDF1B019-4C2D-4D82-8DBF-86D5702472E0}"
EndProject
Project("{FAE04EC0-301F-11D3-BF4B-00C04F79EFBC}") = "MusicBox.Errors", "src\MusicBox.Errors\MusicBox.Errors.csproj", "{BAE1F8D0-8C2F-4669-B007-DAB02EDFE207}"
EndProject
Project("{2150E333-8FDC-42A3-9474-1A3956D46DE8}") = "tests", "tests", "{0AB3BF05-4346-4AA6-1389-037BE0695223}"
EndProject
Project("{FAE04EC0-301F-11D3-BF4B-00C04F79EFBC}") = "MusicBox.Tests", "tests\MusicBox.Tests\MusicBox.Tests.csproj", "{48A9415D-B64E-48A6-A450-D0E79691AF0F}"
EndProject
Project("{FAE04EC0-301F-11D3-BF4B-00C04F79EFBC}") = "MusicBox.Cli", "src\MusicBox.Cli\MusicBox.Cli.csproj", "{ECEAD812-B7AE-4866-9A85-2807C253125F}"
EndProject
Global
	GlobalSection(SolutionConfigurationPlatforms) = preSolution
		Debug|Any CPU = Debug|Any CPU
		Debug|x64 = Debug|x64
		Debug|x86 = Debug|x86
		Release|Any CPU = Release|Any CPU
		Release|x64 = Release|x64
		Release|x86 = Release|x86
	EndGlobalSection
	GlobalSection(ProjectConfigurationPlatforms) = postSolution
		{B0DB8DFE-64F4-46FA-80BE-492513566592}.Debug|Any CPU.ActiveCfg = Debug|Any CPU
		{B0DB8DFE-64F4-46FA-80BE-492513566592}.Debug|Any CPU.Build.0 = Debug|Any CPU
		{B0DB8DFE-64F4-46FA-80BE-492513566592}.Debug|x64.ActiveCfg = Debug|Any CPU
		{B0DB8DFE-64F4-46FA-80BE-492513566592}.Debug|x64.Build.0 = Debug|Any CPU
		{B0DB8DFE-64F4-46FA-80BE-492513566592}.Debug|x86.ActiveCfg = Debug|Any CPU
		{B0DB8DFE-64F4-46FA-80BE-492513566592}.Debug|x86.Build.0 = Debug|Any CPU
		{B0DB8DFE-64F4-46FA-80BE-492513566592}.Release|Any CPU.ActiveCfg = Release|Any CPU
		{B0DB8DFE-64F4-46FA-80BE-492513566592}.Release|Any CPU.Build.0 = Release|Any CPU
		{B0DB8DFE-64F4-46FA-80BE-492513566592}.Release|x64.ActiveCfg = Release|Any CPU
		{B0DB8DFE-64F4-46FA-80BE-492513566592}.Release|x64.Build.0 = Release|Any CPU
		{B0DB8DFE-64F4-46FA-80BE-492513566592}.Release|x86.ActiveCfg = Release|Any CPU
		{B0DB8DFE-64F4-46FA-80BE-492513566592}.Release|x86.Build.0 = Release|Any CPU
		{2DA77585-C783-440B-9D57-50E46D20D11A}.Debug|Any CPU.ActiveCfg = Debug|Any CPU
		{2DA77585-C783-440B-9D57-50E46D20D11A}.Debug|Any CPU.Build.0 = Debug|Any CPU
		{2DA77585-C783-440B-9D57-50E46D20D11A}.Debug|x64.ActiveCfg = Debug|Any CPU
		{2DA77585-C783-440B-9D57-50E46D20D11A}.Debug|x64.Build.0 = Debug|Any CPU
		{2DA77585-C783-440B-9D57-50E46D20D11A}.Debug|x86.ActiveCfg = Debug|Any CPU
		{2DA77585-C783-440B-9D57-50E46D20D11A}.Debug|x86.Build.0 = Debug|Any CPU
		{2DA77585-C783-440B-9D57-50E46D20D11A}.Release|Any CPU.ActiveCfg = Release|Any CPU
		{2DA77585-C783-440B-9D57-50E46D20D11A}.Release|Any CPU.Build.0 = Release|Any CPU
		{2DA77585-C783-440B-9D57-50E46D20D11A}.Release|x64.ActiveCfg = Release|Any CPU
		{2DA77585-C783-440B-9D57-50E46D20D11A}.Release|x64.Build.0 = Release|Any CPU
		{2DA77585-C783-440B-9D57-50E46D20D11A}.Release|x86.ActiveCfg = Release|Any CPU
		{2DA77585-C783-440B-9D57-50E46D20D11A}.Release|x86.Build.0 = Release|Any CPU
		{E4482D15-297B-4C87-A8C2-E918795B3D0D}.Debug|Any CPU.ActiveCfg = Debug|Any CPU
		{E4482D15-297B-4C87-A8C2-E918795B3D0D}.Debug|Any CPU.Build.0 = Debug|Any CPU
		{E4482D15-297B-4C87-A8C2-E918795B3D0D}.Debug|x64.ActiveCfg = Debug|Any CPU
		{E4482D15-297B-4C87-A8C2-E918795B3D0D}.Debug|x64.Build.0 = Debug|Any CPU
		{E4482D15-297B-4C87-A8C2-E918795B3D0D}.Debug|x86.ActiveCfg = Debug|Any CPU
		{E4482D15-297B-4C87-A8C2-E918795B3D0D}.Debug|x86.Build.0 = Debug|Any CPU
		{E4482D15-297B-4C87-A8C2-E918795B3D0D}.Release|Any CPU.ActiveCfg = Release|Any CPU
		{E4482D15-297B-4C87-A8C2-E918795B3D0D}.Release|Any CPU.Build.0 = Release|Any CPU
		{E4482D15-297B-4C87-A8C2-E918795B3D0D}.Release|x64.ActiveCfg = Release|Any CPU
		{E4482D15-297B-4C87-A8C2-E918795B3D0D}.Release|x64.Build.0 = Release|Any CPU
		{E4482D15-297B-4C87-A8C2-E918795B3D0D}.Release|x86.ActiveCfg = Release|Any CPU
		{E4482D15-297B-4C87-A8C2-E918795B3D0D}.Release|x86.Build.0 = Release|Any CPU
		{EDF1B019-4C2D-4D82-8DBF-86D5702472E0}.Debug|Any CPU.ActiveCfg = Debug|Any CPU
		{EDF1B019-4C2D-4D82-8DBF-86D5702472E0}.Debug|Any CPU.Build.0 = Debug|Any CPU
		{EDF1B019-4C2D-4D82-8DBF-86D5702472E0}.Debug|x64.ActiveCfg = Debug|Any CPU
		{EDF1B019-4C2D-4D82-8DBF-86D5702472E0}.Debug|x64.Build.0 = Debug|Any CPU
		{EDF1B019-4C2D-4D82-8DBF-86D5702472E0}.Debug|x86.ActiveCfg = Debug|Any CPU
		{EDF1B019-4C2D-4D82-8DBF-86D5702472E0}.Debug|x86.Build.0 = Debug|Any CPU
		{EDF1B019-4C2D-4D82-8DBF-86D5702472E0}.Release|Any CPU.ActiveCfg = Release|Any CPU
		{EDF1B019-4C2D-4D82-8DBF-86D5702472E0}.Release|Any CPU.Build.0 = Release|Any CPU
		{EDF1B019-4C2D-4D82-8DBF-86D5702472E0}.Release|x64.ActiveCfg = Release|Any CPU
		{EDF1B019-4C2D-4D82-8DBF-86D5702472E0}.Release|x64.Build.0 = Release|Any CPU
		{EDF1B019-4C2D-4D82-8DBF-86D5702472E0}.Release|x86.ActiveCfg = Release|Any CPU
		{EDF1B019-4C2D-4D82-8DBF-86D5702472E0}.Release|x86.Build.0 = Release|Any CPU
		{BAE1F8D0-8C2F-4669-B007-DAB02EDFE207}.Debug|Any CPU.ActiveCfg = Debug|Any CPU
		{BAE1F8D0-8C2F-4669-B007-DAB02EDFE207}.Debug|Any CPU.Build.0 = Debug|Any CPU
		{BAE1F8D0-8C2F-4669-B007-DAB02EDFE207}.Debug|x64.ActiveCfg = Debug|Any CPU
		{BAE1F8D0-8C2F-4669-B007-DAB02EDFE207}.Debug|x64.Build.0 = Debug|Any CPU
		{BAE1F8D0-8C2F-4669-B007-DAB02EDFE207}.Debug|x86.ActiveCfg = Debug|Any CPU
		{BAE1F8D0-8C2F-4669-B007-DAB02EDFE207}.Debug|x86.Build.0 = Debug|Any CPU
		{BAE1F8D0-8C2F-4669-B007-DAB02EDFE207}.Release|Any CPU.ActiveCfg = Release|Any CPU
		{BAE1F8D0-8C2F-4669-B007-DAB02EDFE207}.Release|Any CPU.Build.0 = Release|Any CPU
		{BAE1F8D0-8C2F-4669-B007-DAB02EDFE207}.Release|x64.ActiveCfg = Release|Any CPU
		{BAE1F8D0-8C2F-4669-B007-DAB02EDFE207}.Release|x64.Build.0 = Release|Any CPU
		{BAE1F8D0-8C2F-4669-B007-DAB02EDFE207}.Release|x86.ActiveCfg = Release|Any CPU
		{BAE1F8D0-8C2F-4669-B007-DAB02EDFE207}.Release|x86.Build.0 = Release|Any CPU
		{48A9415D-B64E-48A6-A450-D0E79691AF0F}.Debug|Any CPU.ActiveCfg = Debug|Any CPU
		{48A9415D-B64E-48A6-A450-D0E79691AF0F}.Debug|Any CPU.Build.0 = Debug|Any CPU
		{48A9415D-B64E-48A6-A450-D0E79691AF0F}.Debug|x64.ActiveCfg = Debug|Any CPU
		{48A9415D-B64E-48A6-A450-D0E79691AF0F}.Debug|x64.Build.0 = Debug|Any CPU
		{48A9415D-B64E-48A6-A450-D0E79691AF0F}.Debug|x86.ActiveCfg = Debug|Any CPU
		{48A9415D-B64E-48A6-A450-D0E79691AF0F}.Debug|x86.Build.0 = Debug|Any CPU
		{48A9415D-B64E-48A6-A450-D0E79691AF0F}.Release|Any CPU.ActiveCfg = Release|Any CPU
		{48A9415D-B64E-48A6-A450-D0E79691AF0F}.Release|Any CPU.Build.0 = Release|Any CPU
		{48A9415D-B64E-48A6-A450-D0E79691AF0F}.Release|x64.ActiveCfg = Release|Any CPU
		{48A9415D-B64E-48A6-A450-D0E79691AF0F}.Release|x64.Build.0 = Release|Any CPU
		{48A9415D-B64E-48A6-A450-D0E79691AF0F}.Release|x86.ActiveCfg = Release|Any CPU
		{48A9415D-B64E-48A6-A450-D0E79691AF0F}.Release|x86.Build.0 = Release|Any CPU
		{ECEAD812-B7AE-4866-9A85-2807C253125F}.Debug|Any CPU.ActiveCfg = Debug|Any CPU
		{ECEAD812-B7AE-4866-9A85-2807C253125F}.Debug|Any CPU.Build.0 = Debug|Any CPU
		{ECEAD812-B7AE-4866-9A85-2807C253125F}.Debug|x64.ActiveCfg = Debug|Any CPU
		{ECEAD812-B7AE-4866-9A85-2807C253125F}.Debug|x64.Build.0 = Debug|Any CPU
		{ECEAD812-B7AE-4866-9A85-2807C253125F}.Debug|x86.ActiveCfg = Debug|Any CPU
		{ECEAD812-B7AE-4866-9A85-2807C253125F}.Debug|x86.Build.0 = Debug|Any CPU
		{ECEAD812-B7AE-4866-9A85-2807C253125F}.Release|Any CPU.ActiveCfg = Release|Any CPU
		{ECEAD812-B7AE-4866-9A85-2807C253125F}.Release|Any CPU.Build.0 = Release|Any CPU
		{ECEAD812-B7AE-4866-9A85-2807C253125F}.Release|x64.ActiveCfg = Release|Any CPU
		{ECEAD812-B7AE-4866-9A85-2807C253125F}.Release|x64.Build.0 = Release|Any CPU
		{ECEAD812-B7AE-4866-9A85-2807C253125F}.Release|x86.ActiveCfg = Release|Any CPU
		{ECEAD812-B7AE-4866-9A85-2807C253125F}.Release|x86.Build.0 = Release|Any CPU
	EndGlobalSection
	GlobalSection(SolutionProperties) = preSolution
		HideSolutionNode = FALSE
	EndGlobalSection
	GlobalSection(NestedProjects) = preSolution
		{B0DB8DFE-64F4-46FA-80BE-492513566592} = {827E0CD3-B72D-47B6-A68D-7590B98EB39B}
		{2DA77585-C783-440B-9D57-50E46D20D11A} = {827E0CD3-B72D-47B6-A68D-7590B98EB39B}
		{E4482D15-297B-4C87-A8C2-E918795B3D0D} = {827E0CD3-B72D-47B6-A68D-7590B98EB39B}
		{EDF1B019-4C2D-4D82-8DBF-86D5702472E0} = {827E0CD3-B72D-47B6-A68D-7590B98EB39B}
		{BAE1F8D0-8C2F-4669-B007-DAB02EDFE207} = {827E0CD3-B72D-47B6-A68D-7590B98EB39B}
		{48A9415D-B64E-48A6-A450-D0E79691AF0F} = {0AB3BF05-4346-4AA6-1389-037BE0695223}
		{ECEAD812-B7AE-4866-9A85-2807C253125F} = {827E0CD3-B72D-47B6-A68D-7590B98EB39B}
	EndGlobalSection
EndGlobal
